
Microsoft Visual Studio Solution File, Format Version 12.00
# Visual Studio Version 17
VisualStudioVersion = 17.9.34902.65
MinimumVisualStudioVersion = 10.0.40219.1
Project("{FAE04EC0-301F-11D3-BF4B-00C04F79EFBC}") = "WeatherApp", "WeatherApp.csproj", "{B6075128-BA3E-4035-957B-23089F7FFC06}"
EndProject
Global
	GlobalSection(SolutionConfigurationPlatforms) = preSolution
		Debug|Any CPU = Debug|Any CPU
		Release|Any CPU = Release|Any CPU
	EndGlobalSection
	GlobalSection(ProjectConfigurationPlatforms) = postSolution
		{B6075128-BA3E-4035-957B-23089F7FFC06}.Debug|Any CPU.ActiveCfg = Debug|Any CPU
		{B6075128-BA3E-4035-957B-23089F7FFC06}.Debug|Any CPU.Build.0 = Debug|Any CPU
		{B6075128-BA3E-4035-957B-23089F7FFC06}.Release|Any CPU.ActiveCfg = Release|Any CPU
		{B6075128-BA3E-4035-957B-23089F7FFC06}.Release|Any CPU.Build.0 = Release|Any CPU
	EndGlobalSection
	GlobalSection(SolutionProperties) = preSolution
		HideSolutionNode = FALSE
	EndGlobalSection
	GlobalSection(ExtensibilityGlobals) = postSolution
		SolutionGuid = {AA908BD7-240D-4413-B89C-55AA8B0976B1}
	EndGlobalSection
EndGlobal
